{
  "version": 4,
  "terraform_version": "1.0.11",
  "serial": 64,
  "lineage": "c9d5d0e7-bec8-3d31-a13a-b668897f4e0c",
  "outputs": {
    "application_access": {
      "value": {
        "grafana": {
          "application_access": {
            "grafana-prod-ss6u": "172.17.0.4:3000"
          }
        },
        "influxdb": {
          "application_access": {
            "influxdb-prod-9rga": "172.17.0.3:8086"
          }
        },
        "nodered": {
          "application_access": {
            "nodered-prod-g7fc": "172.17.0.2:1880"
          }
        }
      },
      "type": [
        "object",
        {
          "grafana": [
            "object",
            {
              "application_access": [
                "object",
                {
                  "grafana-prod-ss6u": "string"
                }
              ]
            }
          ],
          "influxdb": [
            "object",
            {
              "application_access": [
                "object",
                {
                  "influxdb-prod-9rga": "string"
                }
              ]
            }
          ],
          "nodered": [
            "object",
            {
              "application_access": [
                "object",
                {
                  "nodered-prod-g7fc": "string"
                }
              ]
            }
          ]
        }
      ]
    }
  },
  "resources": [
    {
      "module": "module.container[\"grafana\"]",
      "mode": "managed",
      "type": "docker_container",
      "name": "app_container",
      "provider": "provider[\"registry.terraform.io/kreuzwerker/docker\"]",
      "instances": [
        {
          "index_key": 0,
          "schema_version": 2,
          "attributes": {
            "attach": false,
            "bridge": "",
            "capabilities": [],
            "command": [],
            "container_logs": null,
            "cpu_set": "",
            "cpu_shares": 0,
            "destroy_grace_seconds": null,
            "devices": [],
            "dns": null,
            "dns_opts": null,
            "dns_search": null,
            "domainname": "",
            "entrypoint": [
              "/run.sh"
            ],
            "env": [],
            "exit_code": null,
            "gateway": "172.17.0.1",
            "group_add": null,
            "healthcheck": null,
            "host": [],
            "hostname": "4bc8b432f550",
            "id": "4bc8b432f5505b3d49a3b6840ffcbe8e863a503dea7e20a94b5b380a0f1faf1b",
            "image": "sha256:b2a02936798eb84de73415479486145b075fa30ba6de84d857c387acaa609b80",
            "init": false,
            "ip_address": "172.17.0.4",
            "ip_prefix_length": 16,
            "ipc_mode": "private",
            "labels": [],
            "links": null,
            "log_driver": "json-file",
            "log_opts": null,
            "logs": false,
            "max_retry_count": 0,
            "memory": 0,
            "memory_swap": 0,
            "mounts": [],
            "must_run": true,
            "name": "grafana-prod-ss6u",
            "network_alias": null,
            "network_data": [
              {
                "gateway": "172.17.0.1",
                "global_ipv6_address": "",
                "global_ipv6_prefix_length": 0,
                "ip_address": "172.17.0.4",
                "ip_prefix_length": 16,
                "ipv6_gateway": "",
                "network_name": "bridge"
              }
            ],
            "network_mode": "default",
            "networks": null,
            "networks_advanced": [],
            "pid_mode": "",
            "ports": [
              {
                "external": 3000,
                "internal": 3000,
                "ip": "0.0.0.0",
                "protocol": "tcp"
              }
            ],
            "privileged": false,
            "publish_all_ports": false,
            "read_only": false,
            "remove_volumes": true,
            "restart": "no",
            "rm": false,
            "security_opts": [],
            "shm_size": 64,
            "start": true,
            "stdin_open": false,
            "storage_opts": null,
            "sysctls": null,
            "tmpfs": null,
            "tty": false,
            "ulimit": [],
            "upload": [],
            "user": "472",
            "userns_mode": "",
            "volumes": [
              {
                "container_path": "/etc/grafana",
                "from_container": "",
                "host_path": "",
                "read_only": null,
                "volume_name": "grafana-prod-ss6u-volume-1"
              },
              {
                "container_path": "/var/lib/grafana",
                "from_container": "",
                "host_path": "",
                "read_only": null,
                "volume_name": "grafana-prod-ss6u-volume-0"
              }
            ],
            "working_dir": "/usr/share/grafana"
          },
          "sensitive_attributes": [],
          "private": "eyJzY2hlbWFfdmVyc2lvbiI6IjIifQ==",
          "dependencies": [
            "module.container.module.volume.docker_volume.container_volume",
            "module.container.random_string.random",
            "module.image.docker_image.container_image"
          ]
        }
      ]
    },
    {
      "module": "module.container[\"grafana\"]",
      "mode": "managed",
      "type": "random_string",
      "name": "random",
      "provider": "provider[\"registry.terraform.io/hashicorp/random\"]",
      "instances": [
        {
          "index_key": 0,
          "schema_version": 1,
          "attributes": {
            "id": "ss6u",
            "keepers": null,
            "length": 4,
            "lower": true,
            "min_lower": 0,
            "min_numeric": 0,
            "min_special": 0,
            "min_upper": 0,
            "number": true,
            "override_special": null,
            "result": "ss6u",
            "special": false,
            "upper": false
          },
          "sensitive_attributes": [],
          "private": "eyJzY2hlbWFfdmVyc2lvbiI6IjEifQ=="
        }
      ]
    },
    {
      "module": "module.container[\"grafana\"].module.volume[0]",
      "mode": "managed",
      "type": "docker_volume",
      "name": "container_volume",
      "provider": "provider[\"registry.terraform.io/kreuzwerker/docker\"]",
      "instances": [
        {
          "index_key": 0,
          "schema_version": 1,
          "attributes": {
            "driver": "local",
            "driver_opts": null,
            "id": "grafana-prod-ss6u-volume-0",
            "labels": [],
            "mountpoint": "/var/lib/docker/volumes/grafana-prod-ss6u-volume-0/_data",
            "name": "grafana-prod-ss6u-volume-0"
          },
          "sensitive_attributes": [],
          "private": "eyJzY2hlbWFfdmVyc2lvbiI6IjEifQ==",
          "dependencies": [
            "module.container.random_string.random"
          ]
        },
        {
          "index_key": 1,
          "schema_version": 1,
          "attributes": {
            "driver": "local",
            "driver_opts": null,
            "id": "grafana-prod-ss6u-volume-1",
            "labels": [],
            "mountpoint": "/var/lib/docker/volumes/grafana-prod-ss6u-volume-1/_data",
            "name": "grafana-prod-ss6u-volume-1"
          },
          "sensitive_attributes": [],
          "private": "eyJzY2hlbWFfdmVyc2lvbiI6IjEifQ==",
          "dependencies": [
            "module.container.random_string.random"
          ]
        }
      ]
    },
    {
      "module": "module.container[\"influxdb\"]",
      "mode": "managed",
      "type": "docker_container",
      "name": "app_container",
      "provider": "provider[\"registry.terraform.io/kreuzwerker/docker\"]",
      "instances": [
        {
          "index_key": 0,
          "schema_version": 2,
          "attributes": {
            "attach": false,
            "bridge": "",
            "capabilities": [],
            "command": [
              "influxd"
            ],
            "container_logs": null,
            "cpu_set": "",
            "cpu_shares": 0,
            "destroy_grace_seconds": null,
            "devices": [],
            "dns": null,
            "dns_opts": null,
            "dns_search": null,
            "domainname": "",
            "entrypoint": [
              "/entrypoint.sh"
            ],
            "env": [],
            "exit_code": null,
            "gateway": "172.17.0.1",
            "group_add": null,
            "healthcheck": null,
            "host": [],
            "hostname": "d99c35a2b46c",
            "id": "d99c35a2b46c2dddb0f2c90f891fba0fd3ce20168377a77c8ecf408eb8b792d4",
            "image": "sha256:86516adf96b152e8da1b29827a54930cd58667596bd643cd298e55189c3c131e",
            "init": false,
            "ip_address": "172.17.0.3",
            "ip_prefix_length": 16,
            "ipc_mode": "private",
            "labels": [],
            "links": null,
            "log_driver": "json-file",
            "log_opts": null,
            "logs": false,
            "max_retry_count": 0,
            "memory": 0,
            "memory_swap": 0,
            "mounts": [],
            "must_run": true,
            "name": "influxdb-prod-9rga",
            "network_alias": null,
            "network_data": [
              {
                "gateway": "172.17.0.1",
                "global_ipv6_address": "",
                "global_ipv6_prefix_length": 0,
                "ip_address": "172.17.0.3",
                "ip_prefix_length": 16,
                "ipv6_gateway": "",
                "network_name": "bridge"
              }
            ],
            "network_mode": "default",
            "networks": null,
            "networks_advanced": [],
            "pid_mode": "",
            "ports": [
              {
                "external": 8086,
                "internal": 8086,
                "ip": "0.0.0.0",
                "protocol": "tcp"
              }
            ],
            "privileged": false,
            "publish_all_ports": false,
            "read_only": false,
            "remove_volumes": true,
            "restart": "no",
            "rm": false,
            "security_opts": [],
            "shm_size": 64,
            "start": true,
            "stdin_open": false,
            "storage_opts": null,
            "sysctls": null,
            "tmpfs": null,
            "tty": false,
            "ulimit": [],
            "upload": [],
            "user": "",
            "userns_mode": "",
            "volumes": [
              {
                "container_path": "/var/lib/influxdb",
                "from_container": "",
                "host_path": "",
                "read_only": null,
                "volume_name": "influxdb-prod-9rga-volume-0"
              }
            ],
            "working_dir": ""
          },
          "sensitive_attributes": [],
          "private": "eyJzY2hlbWFfdmVyc2lvbiI6IjIifQ==",
          "dependencies": [
            "module.container.module.volume.docker_volume.container_volume",
            "module.container.random_string.random",
            "module.image.docker_image.container_image"
          ]
        }
      ]
    },
    {
      "module": "module.container[\"influxdb\"]",
      "mode": "managed",
      "type": "random_string",
      "name": "random",
      "provider": "provider[\"registry.terraform.io/hashicorp/random\"]",
      "instances": [
        {
          "index_key": 0,
          "schema_version": 1,
          "attributes": {
            "id": "9rga",
            "keepers": null,
            "length": 4,
            "lower": true,
            "min_lower": 0,
            "min_numeric": 0,
            "min_special": 0,
            "min_upper": 0,
            "number": true,
            "override_special": null,
            "result": "9rga",
            "special": false,
            "upper": false
          },
          "sensitive_attributes": [],
          "private": "eyJzY2hlbWFfdmVyc2lvbiI6IjEifQ=="
        }
      ]
    },
    {
      "module": "module.container[\"influxdb\"].module.volume[0]",
      "mode": "managed",
      "type": "docker_volume",
      "name": "container_volume",
      "provider": "provider[\"registry.terraform.io/kreuzwerker/docker\"]",
      "instances": [
        {
          "index_key": 0,
          "schema_version": 1,
          "attributes": {
            "driver": "local",
            "driver_opts": null,
            "id": "influxdb-prod-9rga-volume-0",
            "labels": [],
            "mountpoint": "/var/lib/docker/volumes/influxdb-prod-9rga-volume-0/_data",
            "name": "influxdb-prod-9rga-volume-0"
          },
          "sensitive_attributes": [],
          "private": "eyJzY2hlbWFfdmVyc2lvbiI6IjEifQ==",
          "dependencies": [
            "module.container.random_string.random"
          ]
        }
      ]
    },
    {
      "module": "module.container[\"nodered\"]",
      "mode": "managed",
      "type": "docker_container",
      "name": "app_container",
      "provider": "provider[\"registry.terraform.io/kreuzwerker/docker\"]",
      "instances": [
        {
          "index_key": 0,
          "schema_version": 2,
          "attributes": {
            "attach": false,
            "bridge": "",
            "capabilities": [],
            "command": [],
            "container_logs": null,
            "cpu_set": "",
            "cpu_shares": 0,
            "destroy_grace_seconds": null,
            "devices": [],
            "dns": null,
            "dns_opts": null,
            "dns_search": null,
            "domainname": "",
            "entrypoint": [
              "npm",
              "--no-update-notifier",
              "--no-fund",
              "start",
              "--cache",
              "/data/.npm",
              "--",
              "--userDir",
              "/data"
            ],
            "env": [],
            "exit_code": null,
            "gateway": "172.17.0.1",
            "group_add": null,
            "healthcheck": [
              {
                "interval": "0s",
                "retries": 0,
                "start_period": "0s",
                "test": [
                  "CMD-SHELL",
                  "node /healthcheck.js"
                ],
                "timeout": "0s"
              }
            ],
            "host": [],
            "hostname": "46f5732cbe00",
            "id": "46f5732cbe00b6c21afc203342d935f4c41e04701b592f52066f1aabb5d50051",
            "image": "sha256:35ff2718df13467b0a4a6fa4bdb67f172c8772eda08e390cbf6125bdba8eb631",
            "init": false,
            "ip_address": "172.17.0.2",
            "ip_prefix_length": 16,
            "ipc_mode": "private",
            "labels": [],
            "links": null,
            "log_driver": "json-file",
            "log_opts": null,
            "logs": false,
            "max_retry_count": 0,
            "memory": 0,
            "memory_swap": 0,
            "mounts": [],
            "must_run": true,
            "name": "nodered-prod-g7fc",
            "network_alias": null,
            "network_data": [
              {
                "gateway": "172.17.0.1",
                "global_ipv6_address": "",
                "global_ipv6_prefix_length": 0,
                "ip_address": "172.17.0.2",
                "ip_prefix_length": 16,
                "ipv6_gateway": "",
                "network_name": "bridge"
              }
            ],
            "network_mode": "default",
            "networks": null,
            "networks_advanced": [],
            "pid_mode": "",
            "ports": [
              {
                "external": 1880,
                "internal": 1880,
                "ip": "0.0.0.0",
                "protocol": "tcp"
              }
            ],
            "privileged": false,
            "publish_all_ports": false,
            "read_only": false,
            "remove_volumes": true,
            "restart": "no",
            "rm": false,
            "security_opts": [],
            "shm_size": 64,
            "start": true,
            "stdin_open": false,
            "storage_opts": null,
            "sysctls": null,
            "tmpfs": null,
            "tty": false,
            "ulimit": [],
            "upload": [],
            "user": "node-red",
            "userns_mode": "",
            "volumes": [
              {
                "container_path": "/data",
                "from_container": "",
                "host_path": "",
                "read_only": null,
                "volume_name": "nodered-prod-g7fc-volume-0"
              }
            ],
            "working_dir": "/usr/src/node-red"
          },
          "sensitive_attributes": [],
          "private": "eyJzY2hlbWFfdmVyc2lvbiI6IjIifQ==",
          "dependencies": [
            "module.container.module.volume.docker_volume.container_volume",
            "module.container.random_string.random",
            "module.image.docker_image.container_image"
          ]
        }
      ]
    },
    {
      "module": "module.container[\"nodered\"]",
      "mode": "managed",
      "type": "random_string",
      "name": "random",
      "provider": "provider[\"registry.terraform.io/hashicorp/random\"]",
      "instances": [
        {
          "index_key": 0,
          "schema_version": 1,
          "attributes": {
            "id": "g7fc",
            "keepers": null,
            "length": 4,
            "lower": true,
            "min_lower": 0,
            "min_numeric": 0,
            "min_special": 0,
            "min_upper": 0,
            "number": true,
            "override_special": null,
            "result": "g7fc",
            "special": false,
            "upper": false
          },
          "sensitive_attributes": [],
          "private": "eyJzY2hlbWFfdmVyc2lvbiI6IjEifQ=="
        }
      ]
    },
    {
      "module": "module.container[\"nodered\"].module.volume[0]",
      "mode": "managed",
      "type": "docker_volume",
      "name": "container_volume",
      "provider": "provider[\"registry.terraform.io/kreuzwerker/docker\"]",
      "instances": [
        {
          "index_key": 0,
          "schema_version": 1,
          "attributes": {
            "driver": "local",
            "driver_opts": null,
            "id": "nodered-prod-g7fc-volume-0",
            "labels": [],
            "mountpoint": "/var/lib/docker/volumes/nodered-prod-g7fc-volume-0/_data",
            "name": "nodered-prod-g7fc-volume-0"
          },
          "sensitive_attributes": [],
          "private": "eyJzY2hlbWFfdmVyc2lvbiI6IjEifQ==",
          "dependencies": [
            "module.container.random_string.random"
          ]
        }
      ]
    },
    {
      "module": "module.image[\"grafana\"]",
      "mode": "managed",
      "type": "docker_image",
      "name": "container_image",
      "provider": "provider[\"registry.terraform.io/kreuzwerker/docker\"]",
      "instances": [
        {
          "schema_version": 0,
          "attributes": {
            "build": [],
            "force_remove": null,
            "id": "sha256:b2a02936798eb84de73415479486145b075fa30ba6de84d857c387acaa609b80grafana/grafana-enterprise:8.2.0",
            "keep_locally": null,
            "latest": "sha256:b2a02936798eb84de73415479486145b075fa30ba6de84d857c387acaa609b80",
            "name": "grafana/grafana-enterprise:8.2.0",
            "output": null,
            "pull_trigger": null,
            "pull_triggers": null,
            "repo_digest": "grafana/grafana-enterprise@sha256:e2fa681abb78604420da1fb1ba3f7ef1524a0229be7a03fdbb22a2279ab8aed8"
          },
          "sensitive_attributes": [],
          "private": "bnVsbA=="
        }
      ]
    },
    {
      "module": "module.image[\"influxdb\"]",
      "mode": "managed",
      "type": "docker_image",
      "name": "container_image",
      "provider": "provider[\"registry.terraform.io/kreuzwerker/docker\"]",
      "instances": [
        {
          "schema_version": 0,
          "attributes": {
            "build": [],
            "force_remove": null,
            "id": "sha256:86516adf96b152e8da1b29827a54930cd58667596bd643cd298e55189c3c131equay.io/influxdb/influxdb:v2.0.2",
            "keep_locally": null,
            "latest": "sha256:86516adf96b152e8da1b29827a54930cd58667596bd643cd298e55189c3c131e",
            "name": "quay.io/influxdb/influxdb:v2.0.2",
            "output": null,
            "pull_trigger": null,
            "pull_triggers": null,
            "repo_digest": "quay.io/influxdb/influxdb@sha256:5d61520c6b3b8d77240398b32aeed34b3246fcc46e435bcd87bc09351bb6c295"
          },
          "sensitive_attributes": [],
          "private": "bnVsbA=="
        }
      ]
    },
    {
      "module": "module.image[\"nodered\"]",
      "mode": "managed",
      "type": "docker_image",
      "name": "container_image",
      "provider": "provider[\"registry.terraform.io/kreuzwerker/docker\"]",
      "instances": [
        {
          "schema_version": 0,
          "attributes": {
            "build": [],
            "force_remove": null,
            "id": "sha256:35ff2718df13467b0a4a6fa4bdb67f172c8772eda08e390cbf6125bdba8eb631nodered/node-red:latest-minimal",
            "keep_locally": null,
            "latest": "sha256:35ff2718df13467b0a4a6fa4bdb67f172c8772eda08e390cbf6125bdba8eb631",
            "name": "nodered/node-red:latest-minimal",
            "output": null,
            "pull_trigger": null,
            "pull_triggers": null,
            "repo_digest": "nodered/node-red@sha256:3eb12e04e4d7a8eb6b727ea804a29ae17188d9435e3381064c51f4df6050710d"
          },
          "sensitive_attributes": [],
          "private": "bnVsbA=="
        }
      ]
    }
  ]
}
